{
  "name": "vue_deck",
  "version": "1.0.0",
  "lockfileVersion": 1,
  "requires": true,
  "dependencies": {
    "@babel/runtime": {
      "version": "7.11.2",
      "resolved": "https://registry.npmjs.org/@babel/runtime/-/runtime-7.11.2.tgz",
      "integrity": "sha512-TeWkU52so0mPtDcaCTxNBI/IHiz0pZgr8VEFqXFtZWpYD08ZB6FaSwVAS8MKRQAP3bYKiVjwysOJgMFY28o6Tw==",
      "requires": {
        "regenerator-runtime": "^0.13.4"
      }
    },
    "@deck.gl/aggregation-layers": {
      "version": "8.2.10",
      "resolved": "https://registry.npmjs.org/@deck.gl/aggregation-layers/-/aggregation-layers-8.2.10.tgz",
      "integrity": "sha512-lOjvf/NwBQoIkoP2aGA2cPLIfv68ORdmBdkJRTjY/LSTJdFaRpkdpxJ/01lUtpOAJcc6TpTce2DVg9By1yTcIQ==",
      "requires": {
        "@luma.gl/shadertools": "^8.2.0",
        "@math.gl/web-mercator": "^3.2.1",
        "d3-hexbin": "^0.2.1"
      }
    },
    "@deck.gl/core": {
      "version": "8.2.10",
      "resolved": "https://registry.npmjs.org/@deck.gl/core/-/core-8.2.10.tgz",
      "integrity": "sha512-lQqspLxWKkAlK+ySeqTJSIlmQrZ9/ZEpU6tMRChhrywKJfyEMaycDm0owyijg7z/6j8MEFif0rulOpe1tusZbw==",
      "requires": {
        "@loaders.gl/core": "^2.2.3",
        "@loaders.gl/images": "^2.2.3",
        "@luma.gl/core": "^8.2.0",
        "@math.gl/web-mercator": "^3.2.1",
        "gl-matrix": "^3.0.0",
        "math.gl": "^3.2.0",
        "mjolnir.js": "^2.3.0",
        "probe.gl": "^3.2.1"
      }
    },
    "@deck.gl/extensions": {
      "version": "8.2.10",
      "resolved": "https://registry.npmjs.org/@deck.gl/extensions/-/extensions-8.2.10.tgz",
      "integrity": "sha512-uC8ZkjHLemF2O8uDzdkfkH1nudHScarp7lhWNyT5j0WuTdoGp57fjXB5hCne1EmMrW4ar0vSzRpEeMmIipIJBQ==",
      "requires": {
        "@luma.gl/shadertools": "^8.2.0"
      }
    },
    "@deck.gl/geo-layers": {
      "version": "8.2.10",
      "resolved": "https://registry.npmjs.org/@deck.gl/geo-layers/-/geo-layers-8.2.10.tgz",
      "integrity": "sha512-N4ATP3PTVozMywGBLnqadoDlwV0M4Sk2r08w9r+p59qoYw4pLC6G+QzQz2dfEQpdF0sm8SD/5j6zkGDcaiWL7g==",
      "requires": {
        "@loaders.gl/3d-tiles": "^2.2.3",
        "@loaders.gl/loader-utils": "^2.2.3",
        "@loaders.gl/mvt": "^2.2.3",
        "@loaders.gl/terrain": "^2.2.3",
        "@loaders.gl/tiles": "^2.2.3",
        "@math.gl/culling": "^3.2.1",
        "@math.gl/web-mercator": "^3.2.1",
        "h3-js": "^3.6.0",
        "long": "^3.2.0",
        "math.gl": "^3.2.1"
      }
    },
    "@deck.gl/google-maps": {
      "version": "8.2.10",
      "resolved": "https://registry.npmjs.org/@deck.gl/google-maps/-/google-maps-8.2.10.tgz",
      "integrity": "sha512-tRYmPbkOC9y6IBbLD1+KyDDvjfmv5BgjxSgQLSFqNCW5XKeRu1DQwUJrPWEBP5nCkY4GGoEdqLqoHzD3qrZ1Aw=="
    },
    "@deck.gl/json": {
      "version": "8.2.10",
      "resolved": "https://registry.npmjs.org/@deck.gl/json/-/json-8.2.10.tgz",
      "integrity": "sha512-Elct0Lh0q0a9kON/28wqsIMCHjbvnXqmpKMxVYC18U3RXctcbtpVp7ppcohg+cJBoUpFkXtgQvuYYoGDcebAuw==",
      "requires": {
        "d3-dsv": "^1.0.8",
        "expression-eval": "^2.0.0"
      }
    },
    "@deck.gl/layers": {
      "version": "8.2.10",
      "resolved": "https://registry.npmjs.org/@deck.gl/layers/-/layers-8.2.10.tgz",
      "integrity": "sha512-D2l+Ala+t9lAkIxk1umPe6V5Ftlq3YOMaKxwm14s+s2UneonpuuyVs0sMb6Ai53GYNYWdJXQBw85wpBNrItiCw==",
      "requires": {
        "@loaders.gl/images": "^2.2.3",
        "@mapbox/tiny-sdf": "^1.1.0",
        "@math.gl/polygon": "^3.2.1",
        "earcut": "^2.0.6"
      }
    },
    "@deck.gl/mapbox": {
      "version": "8.2.10",
      "resolved": "https://registry.npmjs.org/@deck.gl/mapbox/-/mapbox-8.2.10.tgz",
      "integrity": "sha512-uZoZa0E4SqvoOSfyjg+LomH4gjaE4soLfsVIBTPkrYBQtv5CWSEM85M74U0osjcDeVyRDXyT8crX8NGXrrnpKA=="
    },
    "@deck.gl/mesh-layers": {
      "version": "8.2.10",
      "resolved": "https://registry.npmjs.org/@deck.gl/mesh-layers/-/mesh-layers-8.2.10.tgz",
      "integrity": "sha512-dVeg73+vrGyUD88nmWt4ksHJq42lIXAtU8kjbobxyCVMSKgYOZUxOx6qbeKSkJrPvf7nVdZJtVZ321+9aZrk4w==",
      "requires": {
        "@luma.gl/experimental": "^8.2.0",
        "@luma.gl/shadertools": "^8.2.0"
      }
    },
    "@deck.gl/react": {
      "version": "8.2.10",
      "resolved": "https://registry.npmjs.org/@deck.gl/react/-/react-8.2.10.tgz",
      "integrity": "sha512-9GQ6ddnwC31aCH1pui+K86VGYZVXZ479w0ARe8NhlCqNL8AftVQBlVupvypsYyj3MTwom+I34Swi29rxw8KKQg==",
      "requires": {
        "prop-types": "^15.6.0"
      }
    },
    "@loaders.gl/3d-tiles": {
      "version": "2.2.9",
      "resolved": "https://registry.npmjs.org/@loaders.gl/3d-tiles/-/3d-tiles-2.2.9.tgz",
      "integrity": "sha512-uzWwuRh8kZQoxk/tBDJARFEgslDBNBXJ237YCBPK9IKJbiSMk+jOftdwsJJDEPZZuThA4/Zvp5v2B0WgTiyC0A==",
      "requires": {
        "@loaders.gl/core": "2.2.9",
        "@loaders.gl/draco": "2.2.9",
        "@loaders.gl/gltf": "2.2.9",
        "@loaders.gl/loader-utils": "2.2.9",
        "@loaders.gl/math": "2.2.9",
        "@loaders.gl/tiles": "2.2.9",
        "@math.gl/core": "^3.2.0",
        "@math.gl/geospatial": "^3.2.0",
        "@probe.gl/stats": "^3.3.0"
      }
    },
    "@loaders.gl/core": {
      "version": "2.2.9",
      "resolved": "https://registry.npmjs.org/@loaders.gl/core/-/core-2.2.9.tgz",
      "integrity": "sha512-++0BEe3BHgLONl38FQEGbLAGGSGDr+ue00OE9Yxg56Pke7QjBGnMbIDapkXlzgyN/8wKRZKbjAGLt7FfiBX9LA==",
      "requires": {
        "@babel/runtime": "^7.3.1",
        "@loaders.gl/loader-utils": "2.2.9"
      }
    },
    "@loaders.gl/draco": {
      "version": "2.2.9",
      "resolved": "https://registry.npmjs.org/@loaders.gl/draco/-/draco-2.2.9.tgz",
      "integrity": "sha512-jumgLqDkZEDA2M5fBmCQKYfMFxZPMKcsL1ezCyP9lBwIg5ZIQtzIBrMU6i87GpGIbpQ309hJI5glDz8gPjXL0g==",
      "requires": {
        "@babel/runtime": "^7.3.1",
        "@loaders.gl/loader-utils": "2.2.9",
        "draco3d": "^1.3.4"
      }
    },
    "@loaders.gl/gltf": {
      "version": "2.2.9",
      "resolved": "https://registry.npmjs.org/@loaders.gl/gltf/-/gltf-2.2.9.tgz",
      "integrity": "sha512-PUTk7+xf3ma2YPGl8DvGJzLMJlk01nUwVDWNc0PXINQRwmmsTq4EFUXdoz0BI3OSmBXdCjmcpcXqdEUH50QBKg==",
      "requires": {
        "@loaders.gl/core": "2.2.9",
        "@loaders.gl/draco": "2.2.9",
        "@loaders.gl/images": "2.2.9",
        "@loaders.gl/loader-utils": "2.2.9"
      }
    },
    "@loaders.gl/images": {
      "version": "2.2.9",
      "resolved": "https://registry.npmjs.org/@loaders.gl/images/-/images-2.2.9.tgz",
      "integrity": "sha512-9FeyxJP4ocZf08Ke3djpZObytM0Bc9AYPmfRojuH0kC18d5nAF1hNcoyDyh4wHpwmZZYjpVOJpK2d7236ygJmQ==",
      "requires": {
        "@loaders.gl/loader-utils": "2.2.9"
      }
    },
    "@loaders.gl/loader-utils": {
      "version": "2.2.9",
      "resolved": "https://registry.npmjs.org/@loaders.gl/loader-utils/-/loader-utils-2.2.9.tgz",
      "integrity": "sha512-w1A5QPr6sBgYOcpXBQN1+lL9H8+Y8UAwnP9VGrn3IaYa+SWvIVCsBuYiYG/8zwLxvEIdMelknYK6el0O3vhWrg==",
      "requires": {
        "@babel/runtime": "^7.3.1",
        "@probe.gl/stats": "^3.3.0"
      }
    },
    "@loaders.gl/math": {
      "version": "2.2.9",
      "resolved": "https://registry.npmjs.org/@loaders.gl/math/-/math-2.2.9.tgz",
      "integrity": "sha512-RX3wTGF3v5h/zq5vHQEgcAsG/airoRJwfahdn9p9yq5jb7Vg7Iy6h271D0xJl1eNt41rUkhBCHpfbkcYrmppUg==",
      "requires": {
        "@loaders.gl/images": "2.2.9",
        "@loaders.gl/loader-utils": "2.2.9",
        "@math.gl/core": "^3.2.0"
      }
    },
    "@loaders.gl/mvt": {
      "version": "2.2.9",
      "resolved": "https://registry.npmjs.org/@loaders.gl/mvt/-/mvt-2.2.9.tgz",
      "integrity": "sha512-URW1vAI69EcxerjVhdG2dJ0shDdY3eJ3k/orS8YzPRH4N7icD29Hjb9PnsnefdRXKotcV+OFPMEYLBf15kpsaQ==",
      "requires": {
        "@loaders.gl/loader-utils": "2.2.9",
        "@mapbox/vector-tile": "^1.3.1",
        "pbf": "^3.2.1"
      }
    },
    "@loaders.gl/terrain": {
      "version": "2.2.9",
      "resolved": "https://registry.npmjs.org/@loaders.gl/terrain/-/terrain-2.2.9.tgz",
      "integrity": "sha512-UDyv182TOLrD+PZ8kp6YRw2bYDc9LgGQay7fbQIAfsksZM7A4eIQ9PobM0GSiYonB2k95JQIezy6yGjrUFhqxA==",
      "requires": {
        "@babel/runtime": "^7.3.1",
        "@loaders.gl/loader-utils": "2.2.9",
        "@mapbox/martini": "^0.2.0"
      }
    },
    "@loaders.gl/tiles": {
      "version": "2.2.9",
      "resolved": "https://registry.npmjs.org/@loaders.gl/tiles/-/tiles-2.2.9.tgz",
      "integrity": "sha512-2HYHZ2qsDXfgAYd4K4T9P1emTyXbF5dYxvFV6zPvTR+3Hq0huba8tFcYjXebpaskpavKR7+PXZ318R7NhXQEOQ==",
      "requires": {
        "@loaders.gl/core": "2.2.9",
        "@loaders.gl/loader-utils": "2.2.9",
        "@loaders.gl/math": "2.2.9",
        "@math.gl/core": "^3.2.0",
        "@math.gl/culling": "^3.2.0",
        "@math.gl/geospatial": "^3.2.0",
        "@math.gl/web-mercator": "^3.2.0",
        "@probe.gl/stats": "^3.3.0"
      }
    },
    "@luma.gl/constants": {
      "version": "8.2.0",
      "resolved": "https://registry.npmjs.org/@luma.gl/constants/-/constants-8.2.0.tgz",
      "integrity": "sha512-ah2PbzTlSGjRIq0YQQcTDAbGdgiRhtE41tvVQGF3BDtARrBuS+ElsPsJbB7sm+wvfjm1mkoLawozrF89pgyY9A=="
    },
    "@luma.gl/core": {
      "version": "8.2.0",
      "resolved": "https://registry.npmjs.org/@luma.gl/core/-/core-8.2.0.tgz",
      "integrity": "sha512-Tz/vN5NnMGKQcbkwU8/5ALeZurZL0HEePpVePtlC7BKUtiAcSWyUXdh+xdU6iBS6Uo3Rck0yvFYcpQl8L84uFw==",
      "requires": {
        "@babel/runtime": "^7.0.0",
        "@luma.gl/constants": "8.2.0",
        "@luma.gl/engine": "8.2.0",
        "@luma.gl/shadertools": "8.2.0",
        "@luma.gl/webgl": "8.2.0"
      }
    },
    "@luma.gl/engine": {
      "version": "8.2.0",
      "resolved": "https://registry.npmjs.org/@luma.gl/engine/-/engine-8.2.0.tgz",
      "integrity": "sha512-HxlwU66TCJzMCY+wuxiyapiGFEp0HrRqg2m2fj8K5h5PBYMjDZSrs2JuDoOz97oFVALfujAEw74OX9pFr5uiRg==",
      "requires": {
        "@babel/runtime": "^7.0.0",
        "@luma.gl/constants": "8.2.0",
        "@luma.gl/gltools": "8.2.0",
        "@luma.gl/shadertools": "8.2.0",
        "@luma.gl/webgl": "8.2.0",
        "math.gl": "^3.2.1",
        "probe.gl": "^3.2.1"
      }
    },
    "@luma.gl/experimental": {
      "version": "8.2.0",
      "resolved": "https://registry.npmjs.org/@luma.gl/experimental/-/experimental-8.2.0.tgz",
      "integrity": "sha512-iZOuE2nYDu3cu5IEo90CDk6i07vwEZMEOPxK5WhsNhlpa1a06zHhg/8aB4WXhJra1UGcRaY65Ka9um49jz6/NA==",
      "requires": {
        "@luma.gl/constants": "8.2.0",
        "earcut": "^2.0.6",
        "math.gl": "^3.2.1"
      }
    },
    "@luma.gl/gltools": {
      "version": "8.2.0",
      "resolved": "https://registry.npmjs.org/@luma.gl/gltools/-/gltools-8.2.0.tgz",
      "integrity": "sha512-pc0jMKFkob4PLQ8g67C6XGP3hsmiXmc4DHNPCZR7LvQAxjxgcILTA9mle0TSeGOdn1eeTFvbqwvFqh7tnHGPQA==",
      "requires": {
        "@babel/runtime": "^7.0.0",
        "@luma.gl/constants": "8.2.0",
        "probe.gl": "^3.2.1"
      }
    },
    "@luma.gl/shadertools": {
      "version": "8.2.0",
      "resolved": "https://registry.npmjs.org/@luma.gl/shadertools/-/shadertools-8.2.0.tgz",
      "integrity": "sha512-A6dW/imkMucE0hVp/nXnhlaZ8MCkQy7rXBNCGwMq6rdNYLBNZg5f0zAWssam/YxENWVnhhpHzqg6PCEMyC9cWw==",
      "requires": {
        "@babel/runtime": "^7.0.0",
        "math.gl": "^3.2.1"
      }
    },
    "@luma.gl/webgl": {
      "version": "8.2.0",
      "resolved": "https://registry.npmjs.org/@luma.gl/webgl/-/webgl-8.2.0.tgz",
      "integrity": "sha512-ORn4DMfamzhO1K4j5dc0WjiySB9xTcFYSWCLmKW1kQyMW09VMzCThXowPNxh9lLgL8tgEZEH3C0onS3Ug2FOkQ==",
      "requires": {
        "@babel/runtime": "^7.0.0",
        "@luma.gl/constants": "8.2.0",
        "@luma.gl/gltools": "8.2.0",
        "probe.gl": "^3.2.1"
      }
    },
    "@mapbox/geojson-rewind": {
      "version": "0.5.0",
      "resolved": "https://registry.npmjs.org/@mapbox/geojson-rewind/-/geojson-rewind-0.5.0.tgz",
      "integrity": "sha512-73l/qJQgj/T/zO1JXVfuVvvKDgikD/7D/rHAD28S9BG1OTstgmftrmqfCx4U+zQAmtsB6HcDA3a7ymdnJZAQgg==",
      "requires": {
        "concat-stream": "~2.0.0",
        "minimist": "^1.2.5"
      }
    },
    "@mapbox/geojson-types": {
      "version": "1.0.2",
      "resolved": "https://registry.npmjs.org/@mapbox/geojson-types/-/geojson-types-1.0.2.tgz",
      "integrity": "sha512-e9EBqHHv3EORHrSfbR9DqecPNn+AmuAoQxV6aL8Xu30bJMJR1o8PZLZzpk1Wq7/NfCbuhmakHTPYRhoqLsXRnw=="
    },
    "@mapbox/jsonlint-lines-primitives": {
      "version": "2.0.2",
      "resolved": "https://registry.npmjs.org/@mapbox/jsonlint-lines-primitives/-/jsonlint-lines-primitives-2.0.2.tgz",
      "integrity": "sha1-zlblOfg1UrWNENZy6k1vya3HsjQ="
    },
    "@mapbox/mapbox-gl-supported": {
      "version": "1.5.0",
      "resolved": "https://registry.npmjs.org/@mapbox/mapbox-gl-supported/-/mapbox-gl-supported-1.5.0.tgz",
      "integrity": "sha512-/PT1P6DNf7vjEEiPkVIRJkvibbqWtqnyGaBz3nfRdcxclNSnSdaLU5tfAgcD7I8Yt5i+L19s406YLl1koLnLbg=="
    },
    "@mapbox/martini": {
      "version": "0.2.0",
      "resolved": "https://registry.npmjs.org/@mapbox/martini/-/martini-0.2.0.tgz",
      "integrity": "sha512-7hFhtkb0KTLEls+TRw/rWayq5EeHtTaErgm/NskVoXmtgAQu/9D299aeyj6mzAR/6XUnYRp2lU+4IcrYRFjVsQ=="
    },
    "@mapbox/point-geometry": {
      "version": "0.1.0",
      "resolved": "https://registry.npmjs.org/@mapbox/point-geometry/-/point-geometry-0.1.0.tgz",
      "integrity": "sha1-ioP5M1x4YO/6Lu7KJUMyqgru2PI="
    },
    "@mapbox/tiny-sdf": {
      "version": "1.1.1",
      "resolved": "https://registry.npmjs.org/@mapbox/tiny-sdf/-/tiny-sdf-1.1.1.tgz",
      "integrity": "sha512-Ihn1nZcGIswJ5XGbgFAvVumOgWpvIjBX9jiRlIl46uQG9vJOF51ViBYHF95rEZupuyQbEmhLaDPLQlU7fUTsBg=="
    },
    "@mapbox/unitbezier": {
      "version": "0.0.0",
      "resolved": "https://registry.npmjs.org/@mapbox/unitbezier/-/unitbezier-0.0.0.tgz",
      "integrity": "sha1-FWUb1VOme4WB+zmIEMmK2Go0Uk4="
    },
    "@mapbox/vector-tile": {
      "version": "1.3.1",
      "resolved": "https://registry.npmjs.org/@mapbox/vector-tile/-/vector-tile-1.3.1.tgz",
      "integrity": "sha512-MCEddb8u44/xfQ3oD+Srl/tNcQoqTw3goGk2oLsrFxOTc3dUp+kAnby3PvAeeBYSMSjSPD1nd1AJA6W49WnoUw==",
      "requires": {
        "@mapbox/point-geometry": "~0.1.0"
      }
    },
    "@mapbox/whoots-js": {
      "version": "3.1.0",
      "resolved": "https://registry.npmjs.org/@mapbox/whoots-js/-/whoots-js-3.1.0.tgz",
      "integrity": "sha512-Es6WcD0nO5l+2BOQS4uLfNPYQaNDfbot3X1XUoloz+x0mPDS3eeORZJl06HXjwBG1fOGwCRnzK88LMdxKRrd6Q=="
    },
    "@math.gl/core": {
      "version": "3.3.0",
      "resolved": "https://registry.npmjs.org/@math.gl/core/-/core-3.3.0.tgz",
      "integrity": "sha512-3ghPZ3YRX+72wNoUEs8npwUcP3kOvaTZrLHxL+tDydvULkLLcOfwPisylNm3yFwRfyn9YownBbxlqa/PsbWPNg==",
      "requires": {
        "@babel/runtime": "^7.0.0",
        "gl-matrix": "^3.0.0"
      }
    },
    "@math.gl/culling": {
      "version": "3.3.0",
      "resolved": "https://registry.npmjs.org/@math.gl/culling/-/culling-3.3.0.tgz",
      "integrity": "sha512-STNAH/pl3f4b/J45QHMGI8eLRXsUr3Q/GfMMGzi7zAd5uljSWiQ42m3QvQBVyrsC/IjIhTCBDFeHHPWhCclIXg==",
      "requires": {
        "@babel/runtime": "^7.0.0",
        "@math.gl/core": "3.3.0",
        "gl-matrix": "^3.0.0"
      }
    },
    "@math.gl/geospatial": {
      "version": "3.3.0",
      "resolved": "https://registry.npmjs.org/@math.gl/geospatial/-/geospatial-3.3.0.tgz",
      "integrity": "sha512-3PIQKBXQHOk8j+c7/BllBPvi8WiphpFJ/aIh2jWzTxNVSCME+yESwfbNVvcUhdQrAyTWYURNPFB26M9HU6FBoQ==",
      "requires": {
        "@babel/runtime": "^7.0.0",
        "@math.gl/core": "3.3.0",
        "gl-matrix": "^3.0.0"
      }
    },
    "@math.gl/polygon": {
      "version": "3.3.0",
      "resolved": "https://registry.npmjs.org/@math.gl/polygon/-/polygon-3.3.0.tgz",
      "integrity": "sha512-wg7259E1IVOblJy/dsQETv4Ng4Tr3fgnwzIK9oJaYZj8jljVCdub2TfLgcEtfkXF/w1dhiAqA8WYbk32Dfz2uQ==",
      "requires": {
        "@math.gl/core": "3.3.0"
      }
    },
    "@math.gl/web-mercator": {
      "version": "3.3.0",
      "resolved": "https://registry.npmjs.org/@math.gl/web-mercator/-/web-mercator-3.3.0.tgz",
      "integrity": "sha512-ZVy30WxBhR13yma/CZ93fpdfO7FCC1dIhxE3L/1PmkzVgVk/NmA0L//u8Y8QoEV3D6YC1TyeXmWBNONRNxcIkw==",
      "requires": {
        "@babel/runtime": "^7.0.0",
        "gl-matrix": "^3.0.0"
      }
    },
    "@probe.gl/stats": {
      "version": "3.3.0",
      "resolved": "https://registry.npmjs.org/@probe.gl/stats/-/stats-3.3.0.tgz",
      "integrity": "sha512-CV4c3EgallqZTO88u34/u9L5asL0nCVP1BEkb4qcXlh8Qz2Vmygbyjz1ViQsct6rSi2lJ52lo6W0PnlpZJJvcA==",
      "requires": {
        "@babel/runtime": "^7.0.0"
      }
    },
    "buffer-from": {
      "version": "1.1.1",
      "resolved": "https://registry.npmjs.org/buffer-from/-/buffer-from-1.1.1.tgz",
      "integrity": "sha512-MQcXEUbCKtEo7bhqEs6560Hyd4XaovZlO/k9V3hjVUF/zwW7KBVdSK4gIt/bzwS9MbR5qob+F5jusZsb0YQK2A=="
    },
    "commander": {
      "version": "2.20.3",
      "resolved": "https://registry.npmjs.org/commander/-/commander-2.20.3.tgz",
      "integrity": "sha512-GpVkmM8vF2vQUkj2LvZmD35JxeJOLCwJ9cUkugyk2nuhbv3+mJvpLYYt+0+USMxE+oj+ey/lJEnhZw75x/OMcQ=="
    },
    "concat-stream": {
      "version": "2.0.0",
      "resolved": "https://registry.npmjs.org/concat-stream/-/concat-stream-2.0.0.tgz",
      "integrity": "sha512-MWufYdFw53ccGjCA+Ol7XJYpAlW6/prSMzuPOTRnJGcGzuhLn4Scrz7qf6o8bROZ514ltazcIFJZevcfbo0x7A==",
      "requires": {
        "buffer-from": "^1.0.0",
        "inherits": "^2.0.3",
        "readable-stream": "^3.0.2",
        "typedarray": "^0.0.6"
      }
    },
    "csscolorparser": {
      "version": "1.0.3",
      "resolved": "https://registry.npmjs.org/csscolorparser/-/csscolorparser-1.0.3.tgz",
      "integrity": "sha1-s085HupNqPPpgjHizNjfnAQfFxs="
    },
    "d3-dsv": {
      "version": "1.2.0",
      "resolved": "https://registry.npmjs.org/d3-dsv/-/d3-dsv-1.2.0.tgz",
      "integrity": "sha512-9yVlqvZcSOMhCYzniHE7EVUws7Fa1zgw+/EAV2BxJoG3ME19V6BQFBwI855XQDsxyOuG7NibqRMTtiF/Qup46g==",
      "requires": {
        "commander": "2",
        "iconv-lite": "0.4",
        "rw": "1"
      }
    },
    "d3-hexbin": {
      "version": "0.2.2",
      "resolved": "https://registry.npmjs.org/d3-hexbin/-/d3-hexbin-0.2.2.tgz",
      "integrity": "sha1-nFg32s/UcasFM3qeke8Qv8T5iDE="
    },
    "deck.gl": {
      "version": "8.2.10",
      "resolved": "https://registry.npmjs.org/deck.gl/-/deck.gl-8.2.10.tgz",
      "integrity": "sha512-0HORfyVjmYkj7W/oW9y4ASy4hgO78WhXOrYMIjYfhUyrphyODxvbm1XXlSRljpONkO42YJp9ODwjHPKxS2tkVg==",
      "requires": {
        "@deck.gl/aggregation-layers": "8.2.10",
        "@deck.gl/core": "8.2.10",
        "@deck.gl/extensions": "8.2.10",
        "@deck.gl/geo-layers": "8.2.10",
        "@deck.gl/google-maps": "8.2.10",
        "@deck.gl/json": "8.2.10",
        "@deck.gl/layers": "8.2.10",
        "@deck.gl/mapbox": "8.2.10",
        "@deck.gl/mesh-layers": "8.2.10",
        "@deck.gl/react": "8.2.10"
      }
    },
    "draco3d": {
      "version": "1.3.6",
      "resolved": "https://registry.npmjs.org/draco3d/-/draco3d-1.3.6.tgz",
      "integrity": "sha512-zZoH5JNcdWDrUb2ks2mbzGDUUPvDaDf1ysTJS2St+3/F/8XcKAX4VKgzPjTP7MfHegHQ7Udv8ovS+R3AgXlH7g=="
    },
    "earcut": {
      "version": "2.2.2",
      "resolved": "https://registry.npmjs.org/earcut/-/earcut-2.2.2.tgz",
      "integrity": "sha512-eZoZPPJcUHnfRZ0PjLvx2qBordSiO8ofC3vt+qACLM95u+4DovnbYNpQtJh0DNsWj8RnxrQytD4WA8gj5cRIaQ=="
    },
    "expression-eval": {
      "version": "2.1.0",
      "resolved": "https://registry.npmjs.org/expression-eval/-/expression-eval-2.1.0.tgz",
      "integrity": "sha512-FUJO/Akvl/JOWkvlqZaqbkhsEWlCJWDeZG4tzX96UH68D9FeRgYgtb55C2qtqbORC0Q6x5419EDjWu4IT9kQfg==",
      "requires": {
        "jsep": "^0.3.0"
      }
    },
    "geojson-vt": {
      "version": "3.2.1",
      "resolved": "https://registry.npmjs.org/geojson-vt/-/geojson-vt-3.2.1.tgz",
      "integrity": "sha512-EvGQQi/zPrDA6zr6BnJD/YhwAkBP8nnJ9emh3EnHQKVMfg/MRVtPbMYdgVy/IaEmn4UfagD2a6fafPDL5hbtwg=="
    },
    "gl-matrix": {
      "version": "3.3.0",
      "resolved": "https://registry.npmjs.org/gl-matrix/-/gl-matrix-3.3.0.tgz",
      "integrity": "sha512-COb7LDz+SXaHtl/h4LeaFcNdJdAQSDeVqjiIihSXNrkWObZLhDI4hIkZC11Aeqp7bcE72clzB0BnDXr2SmslRA=="
    },
    "grid-index": {
      "version": "1.1.0",
      "resolved": "https://registry.npmjs.org/grid-index/-/grid-index-1.1.0.tgz",
      "integrity": "sha512-HZRwumpOGUrHyxO5bqKZL0B0GlUpwtCAzZ42sgxUPniu33R1LSFH5yrIcBCHjkctCAh3mtWKcKd9J4vDDdeVHA=="
    },
    "h3-js": {
      "version": "3.6.4",
      "resolved": "https://registry.npmjs.org/h3-js/-/h3-js-3.6.4.tgz",
      "integrity": "sha512-wMu0Y+vdh4xx2WT1jqy4QDBgJupjBfHsGaMtMsFocdZdIsfxLFufzjGcmReOSfKQ+twRO2XjXAmDY9h1nq99EA=="
    },
    "hammerjs": {
      "version": "2.0.8",
      "resolved": "https://registry.npmjs.org/hammerjs/-/hammerjs-2.0.8.tgz",
      "integrity": "sha1-BO93hiz/K7edMPdpIJWTAiK/YPE="
    },
    "iconv-lite": {
      "version": "0.4.24",
      "resolved": "https://registry.npmjs.org/iconv-lite/-/iconv-lite-0.4.24.tgz",
      "integrity": "sha512-v3MXnZAcvnywkTUEZomIActle7RXXeedOR31wwl7VlyoXO4Qi9arvSenNQWne1TcRwhCL1HwLI21bEqdpj8/rA==",
      "requires": {
        "safer-buffer": ">= 2.1.2 < 3"
      }
    },
    "ieee754": {
      "version": "1.1.13",
      "resolved": "https://registry.npmjs.org/ieee754/-/ieee754-1.1.13.tgz",
      "integrity": "sha512-4vf7I2LYV/HaWerSo3XmlMkp5eZ83i+/CDluXi/IGTs/O1sejBNhTtnxzmRZfvOUqj7lZjqHkeTvpgSFDlWZTg=="
    },
    "inherits": {
      "version": "2.0.4",
      "resolved": "https://registry.npmjs.org/inherits/-/inherits-2.0.4.tgz",
      "integrity": "sha512-k/vGaX4/Yla3WzyMCvTQOXYeIHvqOKtnqBduzTHpzpQZzAskKMhZ2K+EnBiSM9zGSoIFeMpXKxa4dYeZIQqewQ=="
    },
    "js-tokens": {
      "version": "4.0.0",
      "resolved": "https://registry.npmjs.org/js-tokens/-/js-tokens-4.0.0.tgz",
      "integrity": "sha512-RdJUflcE3cUzKiMqQgsCu06FPu9UdIJO0beYbPhHN4k6apgJtifcoCtT9bcxOpYBtpD2kCM6Sbzg4CausW/PKQ=="
    },
    "jsep": {
      "version": "0.3.5",
      "resolved": "https://registry.npmjs.org/jsep/-/jsep-0.3.5.tgz",
      "integrity": "sha512-AoRLBDc6JNnKjNcmonituEABS5bcfqDhQAWWXNTFrqu6nVXBpBAGfcoTGZMFlIrh9FjmE1CQyX9CTNwZrXMMDA=="
    },
    "kdbush": {
      "version": "3.0.0",
      "resolved": "https://registry.npmjs.org/kdbush/-/kdbush-3.0.0.tgz",
      "integrity": "sha512-hRkd6/XW4HTsA9vjVpY9tuXJYLSlelnkTmVFu4M9/7MIYQtFcHpbugAU7UbOfjOiVSVYl2fqgBuJ32JUmRo5Ew=="
    },
    "long": {
      "version": "3.2.0",
      "resolved": "https://registry.npmjs.org/long/-/long-3.2.0.tgz",
      "integrity": "sha1-2CG3E4yhy1gcFymQ7xTbIAtcR0s="
    },
    "loose-envify": {
      "version": "1.4.0",
      "resolved": "https://registry.npmjs.org/loose-envify/-/loose-envify-1.4.0.tgz",
      "integrity": "sha512-lyuxPGr/Wfhrlem2CL/UcnUc1zcqKAImBDzukY7Y5F/yQiNdko6+fRLevlw1HgMySw7f611UIY408EtxRSoK3Q==",
      "requires": {
        "js-tokens": "^3.0.0 || ^4.0.0"
      }
    },
    "mapbox-gl": {
      "version": "1.12.0",
      "resolved": "https://registry.npmjs.org/mapbox-gl/-/mapbox-gl-1.12.0.tgz",
      "integrity": "sha512-B3URR4qY9R/Bx+DKqP8qmGCai8IOZYMSZF7ZSvcCZaYTaOYhQQi8ErTEDZtFMOR0ZPj7HFWOkkhl5SqvDfpJpA==",
      "requires": {
        "@mapbox/geojson-rewind": "^0.5.0",
        "@mapbox/geojson-types": "^1.0.2",
        "@mapbox/jsonlint-lines-primitives": "^2.0.2",
        "@mapbox/mapbox-gl-supported": "^1.5.0",
        "@mapbox/point-geometry": "^0.1.0",
        "@mapbox/tiny-sdf": "^1.1.1",
        "@mapbox/unitbezier": "^0.0.0",
        "@mapbox/vector-tile": "^1.3.1",
        "@mapbox/whoots-js": "^3.1.0",
        "csscolorparser": "~1.0.3",
        "earcut": "^2.2.2",
        "geojson-vt": "^3.2.1",
        "gl-matrix": "^3.2.1",
        "grid-index": "^1.1.0",
        "minimist": "^1.2.5",
        "murmurhash-js": "^1.0.0",
        "pbf": "^3.2.1",
        "potpack": "^1.0.1",
        "quickselect": "^2.0.0",
        "rw": "^1.3.3",
        "supercluster": "^7.1.0",
        "tinyqueue": "^2.0.3",
        "vt-pbf": "^3.1.1"
      }
    },
    "math.gl": {
      "version": "3.3.0",
      "resolved": "https://registry.npmjs.org/math.gl/-/math.gl-3.3.0.tgz",
      "integrity": "sha512-r9w/0se6iE+AgQfXmEPVa3Vl6B4IxNsVrtIXqi9xgLaX6vpH0vhl0h5+EmBMbZbTGWwaSXakZagAkxXjkgjVKA==",
      "requires": {
        "@math.gl/core": "3.3.0"
      }
    },
    "minimist": {
      "version": "1.2.5",
      "resolved": "https://registry.npmjs.org/minimist/-/minimist-1.2.5.tgz",
      "integrity": "sha512-FM9nNUYrRBAELZQT3xeZQ7fmMOBg6nWNmJKTcgsJeaLstP/UODVpGsr5OhXhhXg6f+qtJ8uiZ+PUxkDWcgIXLw=="
    },
    "mjolnir.js": {
      "version": "2.4.1",
      "resolved": "https://registry.npmjs.org/mjolnir.js/-/mjolnir.js-2.4.1.tgz",
      "integrity": "sha512-bpqKc70aNlijeQCapJ8529EmjVj8VSfYdzh1WsbhWp0XEQSm9hAB6X350OyRVDpH5oTdAyX/NeYFqtwyuO4ZKA==",
      "requires": {
        "@babel/runtime": "^7.0.0",
        "hammerjs": "^2.0.8"
      }
    },
    "murmurhash-js": {
      "version": "1.0.0",
      "resolved": "https://registry.npmjs.org/murmurhash-js/-/murmurhash-js-1.0.0.tgz",
      "integrity": "sha1-sGJ44h/Gw3+lMTcysEEry2rhX1E="
    },
    "object-assign": {
      "version": "4.1.1",
      "resolved": "https://registry.npmjs.org/object-assign/-/object-assign-4.1.1.tgz",
      "integrity": "sha1-IQmtx5ZYh8/AXLvUQsrIv7s2CGM="
    },
    "pbf": {
      "version": "3.2.1",
      "resolved": "https://registry.npmjs.org/pbf/-/pbf-3.2.1.tgz",
      "integrity": "sha512-ClrV7pNOn7rtmoQVF4TS1vyU0WhYRnP92fzbfF75jAIwpnzdJXf8iTd4CMEqO4yUenH6NDqLiwjqlh6QgZzgLQ==",
      "requires": {
        "ieee754": "^1.1.12",
        "resolve-protobuf-schema": "^2.1.0"
      }
    },
    "potpack": {
      "version": "1.0.1",
      "resolved": "https://registry.npmjs.org/potpack/-/potpack-1.0.1.tgz",
      "integrity": "sha512-15vItUAbViaYrmaB/Pbw7z6qX2xENbFSTA7Ii4tgbPtasxm5v6ryKhKtL91tpWovDJzTiZqdwzhcFBCwiMVdVw=="
    },
    "probe.gl": {
      "version": "3.3.0",
      "resolved": "https://registry.npmjs.org/probe.gl/-/probe.gl-3.3.0.tgz",
      "integrity": "sha512-59E6AEw4N8sU4PKfAl7S2UBYJCOa064WpEFcXfeFOB/36FJtplYY+261DqLjLAvOqRRHiKVEQUBo63PQ3jKeWA==",
      "requires": {
        "@babel/runtime": "^7.0.0",
        "@probe.gl/stats": "3.3.0"
      }
    },
    "prop-types": {
      "version": "15.7.2",
      "resolved": "https://registry.npmjs.org/prop-types/-/prop-types-15.7.2.tgz",
      "integrity": "sha512-8QQikdH7//R2vurIJSutZ1smHYTcLpRWEOlHnzcWHmBYrOGUysKwSsrC89BCiFj3CbrfJ/nXFdJepOVrY1GCHQ==",
      "requires": {
        "loose-envify": "^1.4.0",
        "object-assign": "^4.1.1",
        "react-is": "^16.8.1"
      }
    },
    "protocol-buffers-schema": {
      "version": "3.4.0",
      "resolved": "https://registry.npmjs.org/protocol-buffers-schema/-/protocol-buffers-schema-3.4.0.tgz",
      "integrity": "sha512-G/2kcamPF2S49W5yaMGdIpkG6+5wZF0fzBteLKgEHjbNzqjZQ85aAs1iJGto31EJaSTkNvHs5IXuHSaTLWBAiA=="
    },
    "quickselect": {
      "version": "2.0.0",
      "resolved": "https://registry.npmjs.org/quickselect/-/quickselect-2.0.0.tgz",
      "integrity": "sha512-RKJ22hX8mHe3Y6wH/N3wCM6BWtjaxIyyUIkpHOvfFnxdI4yD4tBXEBKSbriGujF6jnSVkJrffuo6vxACiSSxIw=="
    },
    "react-is": {
      "version": "16.13.1",
      "resolved": "https://registry.npmjs.org/react-is/-/react-is-16.13.1.tgz",
      "integrity": "sha512-24e6ynE2H+OKt4kqsOvNd8kBpV65zoxbA4BVsEOB3ARVWQki/DHzaUoC5KuON/BiccDaCCTZBuOcfZs70kR8bQ=="
    },
    "readable-stream": {
      "version": "3.6.0",
      "resolved": "https://registry.npmjs.org/readable-stream/-/readable-stream-3.6.0.tgz",
      "integrity": "sha512-BViHy7LKeTz4oNnkcLJ+lVSL6vpiFeX6/d3oSH8zCW7UxP2onchk+vTGB143xuFjHS3deTgkKoXXymXqymiIdA==",
      "requires": {
        "inherits": "^2.0.3",
        "string_decoder": "^1.1.1",
        "util-deprecate": "^1.0.1"
      }
    },
    "regenerator-runtime": {
      "version": "0.13.7",
      "resolved": "https://registry.npmjs.org/regenerator-runtime/-/regenerator-runtime-0.13.7.tgz",
      "integrity": "sha512-a54FxoJDIr27pgf7IgeQGxmqUNYrcV338lf/6gH456HZ/PhX+5BcwHXG9ajESmwe6WRO0tAzRUrRmNONWgkrew=="
    },
    "resolve-protobuf-schema": {
      "version": "2.1.0",
      "resolved": "https://registry.npmjs.org/resolve-protobuf-schema/-/resolve-protobuf-schema-2.1.0.tgz",
      "integrity": "sha512-kI5ffTiZWmJaS/huM8wZfEMer1eRd7oJQhDuxeCLe3t7N7mX3z94CN0xPxBQxFYQTSNz9T0i+v6inKqSdK8xrQ==",
      "requires": {
        "protocol-buffers-schema": "^3.3.1"
      }
    },
    "rw": {
      "version": "1.3.3",
      "resolved": "https://registry.npmjs.org/rw/-/rw-1.3.3.tgz",
      "integrity": "sha1-P4Yt+pGrdmsUiF700BEkv9oHT7Q="
    },
    "safe-buffer": {
      "version": "5.2.1",
      "resolved": "https://registry.npmjs.org/safe-buffer/-/safe-buffer-5.2.1.tgz",
      "integrity": "sha512-rp3So07KcdmmKbGvgaNxQSJr7bGVSVk5S9Eq1F+ppbRo70+YeaDxkw5Dd8NPN+GD6bjnYm2VuPuCXmpuYvmCXQ=="
    },
    "safer-buffer": {
      "version": "2.1.2",
      "resolved": "https://registry.npmjs.org/safer-buffer/-/safer-buffer-2.1.2.tgz",
      "integrity": "sha512-YZo3K82SD7Riyi0E1EQPojLz7kpepnSQI9IyPbHHg1XXXevb5dJI7tpyN2ADxGcQbHG7vcyRHk0cbwqcQriUtg=="
    },
    "string_decoder": {
      "version": "1.3.0",
      "resolved": "https://registry.npmjs.org/string_decoder/-/string_decoder-1.3.0.tgz",
      "integrity": "sha512-hkRX8U1WjJFd8LsDJ2yQ/wWWxaopEsABU1XfkM8A+j0+85JAGppt16cr1Whg6KIbb4okU6Mql6BOj+uup/wKeA==",
      "requires": {
        "safe-buffer": "~5.2.0"
      }
    },
    "supercluster": {
      "version": "7.1.0",
      "resolved": "https://registry.npmjs.org/supercluster/-/supercluster-7.1.0.tgz",
      "integrity": "sha512-LDasImUAFMhTqhK+cUXfy9C2KTUqJ3gucLjmNLNFmKWOnDUBxLFLH9oKuXOTCLveecmxh8fbk8kgh6Q0gsfe2w==",
      "requires": {
        "kdbush": "^3.0.0"
      }
    },
    "tinyqueue": {
      "version": "2.0.3",
      "resolved": "https://registry.npmjs.org/tinyqueue/-/tinyqueue-2.0.3.tgz",
      "integrity": "sha512-ppJZNDuKGgxzkHihX8v9v9G5f+18gzaTfrukGrq6ueg0lmH4nqVnA2IPG0AEH3jKEk2GRJCUhDoqpoiw3PHLBA=="
    },
    "typedarray": {
      "version": "0.0.6",
      "resolved": "https://registry.npmjs.org/typedarray/-/typedarray-0.0.6.tgz",
      "integrity": "sha1-hnrHTjhkGHsdPUfZlqeOxciDB3c="
    },
    "util-deprecate": {
      "version": "1.0.2",
      "resolved": "https://registry.npmjs.org/util-deprecate/-/util-deprecate-1.0.2.tgz",
      "integrity": "sha1-RQ1Nyfpw3nMnYvvS1KKJgUGaDM8="
    },
    "vt-pbf": {
      "version": "3.1.1",
      "resolved": "https://registry.npmjs.org/vt-pbf/-/vt-pbf-3.1.1.tgz",
      "integrity": "sha512-pHjWdrIoxurpmTcbfBWXaPwSmtPAHS105253P1qyEfSTV2HJddqjM+kIHquaT/L6lVJIk9ltTGc0IxR/G47hYA==",
      "requires": {
        "@mapbox/point-geometry": "0.1.0",
        "@mapbox/vector-tile": "^1.3.1",
        "pbf": "^3.0.5"
      }
    },
    "vue": {
      "version": "2.6.12",
      "resolved": "https://registry.npmjs.org/vue/-/vue-2.6.12.tgz",
      "integrity": "sha512-uhmLFETqPPNyuLLbsKz6ioJ4q7AZHzD8ZVFNATNyICSZouqP2Sz0rotWQC8UNBF6VGSCs5abnKJoStA6JbCbfg=="
    }
  }
}
